
Microsoft Visual Studio Solution File, Format Version 12.00
# Visual Studio Version 16
VisualStudioVersion = 16.0.33801.447
MinimumVisualStudioVersion = 10.0.40219.1
Project("{2150E333-8FDC-42A3-9474-1A3956D46DE8}") = "Services", "Services", "{E40A6D92-D9F7-4D49-B93E-46FF67253141}"
EndProject
Project("{2150E333-8FDC-42A3-9474-1A3956D46DE8}") = "Catalog", "Catalog", "{116003C8-D747-42B5-B632-C486C2F08FFF}"
EndProject
Project("{FAE04EC0-301F-11D3-BF4B-00C04F79EFBC}") = "Catalog.API", "Catalog.API\Catalog.API.csproj", "{A09A8778-1E25-4E35-B691-EE47FD26D0E1}"
EndProject
Global
	GlobalSection(SolutionConfigurationPlatforms) = preSolution
		Debug|Any CPU = Debug|Any CPU
		Release|Any CPU = Release|Any CPU
	EndGlobalSection
	GlobalSection(ProjectConfigurationPlatforms) = postSolution
		{A09A8778-1E25-4E35-B691-EE47FD26D0E1}.Debug|Any CPU.ActiveCfg = Debug|Any CPU
		{A09A8778-1E25-4E35-B691-EE47FD26D0E1}.Debug|Any CPU.Build.0 = Debug|Any CPU
		{A09A8778-1E25-4E35-B691-EE47FD26D0E1}.Release|Any CPU.ActiveCfg = Release|Any CPU
		{A09A8778-1E25-4E35-B691-EE47FD26D0E1}.Release|Any CPU.Build.0 = Release|Any CPU
	EndGlobalSection
	GlobalSection(SolutionProperties) = preSolution
		HideSolutionNode = FALSE
	EndGlobalSection
	GlobalSection(NestedProjects) = preSolution
		{116003C8-D747-42B5-B632-C486C2F08FFF} = {E40A6D92-D9F7-4D49-B93E-46FF67253141}
		{A09A8778-1E25-4E35-B691-EE47FD26D0E1} = {116003C8-D747-42B5-B632-C486C2F08FFF}
	EndGlobalSection
	GlobalSection(ExtensibilityGlobals) = postSolution
		SolutionGuid = {0A061E97-00FC-4C05-BC3F-DC98C398A616}
	EndGlobalSection
EndGlobal
